// !$*UTF8*$!
{
	archiveVersion = 1;
	classes = {
	};
	objectVersion = 56;
	objects = {

/* Begin PBXBuildFile section */
		727D0076292FA2CD00D417EE /* Test_iosApp.swift in Sources */ = {isa = PBXBuildFile; fileRef = 727D0075292FA2CD00D417EE /* Test_iosApp.swift */; };
		727D0078292FA2CD00D417EE /* ContentView.swift in Sources */ = {isa = PBXBuildFile; fileRef = 727D0077292FA2CD00D417EE /* ContentView.swift */; };
		727D007A292FA2CF00D417EE /* Assets.xcassets in Resources */ = {isa = PBXBuildFile; fileRef = 727D0079292FA2CF00D417EE /* Assets.xcassets */; };
		727D007D292FA2CF00D417EE /* Preview Assets.xcassets in Resources */ = {isa = PBXBuildFile; fileRef = 727D007C292FA2CF00D417EE /* Preview Assets.xcassets */; };
		727D0084292FAB1A00D417EE /* CharacterModel.swift in Sources */ = {isa = PBXBuildFile; fileRef = 727D0083292FAB1A00D417EE /* CharacterModel.swift */; };
		727D0086292FAFA400D417EE /* ViewModel.swift in Sources */ = {isa = PBXBuildFile; fileRef = 727D0085292FAFA400D417EE /* ViewModel.swift */; };
		727D0088292FB9CE00D417EE /* DetailView.swift in Sources */ = {isa = PBXBuildFile; fileRef = 727D0087292FB9CE00D417EE /* DetailView.swift */; };
		727D008A292FCA3300D417EE /* ImageView.swift in Sources */ = {isa = PBXBuildFile; fileRef = 727D0089292FCA3300D417EE /* ImageView.swift */; };
		727D008C292FCFC300D417EE /* DetailViewModel.swift in Sources */ = {isa = PBXBuildFile; fileRef = 727D008B292FCFC300D417EE /* DetailViewModel.swift */; };
		727D008E292FD02700D417EE /* QuotModel.swift in Sources */ = {isa = PBXBuildFile; fileRef = 727D008D292FD02700D417EE /* QuotModel.swift */; };
/* End PBXBuildFile section */

/* Begin PBXFileReference section */
		64B005F12930D0C600128C98 /* Readme.md */ = {isa = PBXFileReference; lastKnownFileType = net.daringfireball.markdown; path = Readme.md; sourceTree = "<group>"; };
		727D0072292FA2CD00D417EE /* Test-ios.app */ = {isa = PBXFileReference; explicitFileType = wrapper.application; includeInIndex = 0; path = "Test-ios.app"; sourceTree = BUILT_PRODUCTS_DIR; };
		727D0075292FA2CD00D417EE /* Test_iosApp.swift */ = {isa = PBXFileReference; lastKnownFileType = sourcecode.swift; path = Test_iosApp.swift; sourceTree = "<group>"; };
		727D0077292FA2CD00D417EE /* ContentView.swift */ = {isa = PBXFileReference; lastKnownFileType = sourcecode.swift; path = ContentView.swift; sourceTree = "<group>"; };
		727D0079292FA2CF00D417EE /* Assets.xcassets */ = {isa = PBXFileReference; lastKnownFileType = folder.assetcatalog; path = Assets.xcassets; sourceTree = "<group>"; };
		727D007C292FA2CF00D417EE /* Preview Assets.xcassets */ = {isa = PBXFileReference; lastKnownFileType = folder.assetcatalog; path = "Preview Assets.xcassets"; sourceTree = "<group>"; };
		727D0083292FAB1A00D417EE /* CharacterModel.swift */ = {isa = PBXFileReference; lastKnownFileType = sourcecode.swift; path = CharacterModel.swift; sourceTree = "<group>"; };
		727D0085292FAFA400D417EE /* ViewModel.swift */ = {isa = PBXFileReference; lastKnownFileType = sourcecode.swift; path = ViewModel.swift; sourceTree = "<group>"; };
		727D0087292FB9CE00D417EE /* DetailView.swift */ = {isa = PBXFileReference; lastKnownFileType = sourcecode.swift; path = DetailView.swift; sourceTree = "<group>"; };
		727D0089292FCA3300D417EE /* ImageView.swift */ = {isa = PBXFileReference; lastKnownFileType = sourcecode.swift; path = ImageView.swift; sourceTree = "<group>"; };
		727D008B292FCFC300D417EE /* DetailViewModel.swift */ = {isa = PBXFileReference; lastKnownFileType = sourcecode.swift; path = DetailViewModel.swift; sourceTree = "<group>"; };
		727D008D292FD02700D417EE /* QuotModel.swift */ = {isa = PBXFileReference; lastKnownFileType = sourcecode.swift; path = QuotModel.swift; sourceTree = "<group>"; };
/* End PBXFileReference section */

/* Begin PBXFrameworksBuildPhase section */
		727D006F292FA2CD00D417EE /* Frameworks */ = {
			isa = PBXFrameworksBuildPhase;
			buildActionMask = 2147483647;
			files = (
			);
			runOnlyForDeploymentPostprocessing = 0;
		};
/* End PBXFrameworksBuildPhase section */

/* Begin PBXGroup section */
		727D0069292FA2CD00D417EE = {
			isa = PBXGroup;
			children = (
				727D0074292FA2CD00D417EE /* Test-ios */,
				727D0073292FA2CD00D417EE /* Products */,
			);
			sourceTree = "<group>";
		};
		727D0073292FA2CD00D417EE /* Products */ = {
			isa = PBXGroup;
			children = (
				727D0072292FA2CD00D417EE /* Test-ios.app */,
			);
			name = Products;
			sourceTree = "<group>";
		};
		727D0074292FA2CD00D417EE /* Test-ios */ = {
			isa = PBXGroup;
			children = (
				727D0075292FA2CD00D417EE /* Test_iosApp.swift */,
				727D008F292FD0AA00D417EE /* CharactersListView */,
				727D0090292FD0ED00D417EE /* DetailView */,
				727D0079292FA2CF00D417EE /* Assets.xcassets */,
				727D007B292FA2CF00D417EE /* Preview Content */,
				727D0089292FCA3300D417EE /* ImageView.swift */,
				64B005F12930D0C600128C98 /* Readme.md */,
			);
			path = "Test-ios";
			sourceTree = "<group>";
		};
		727D007B292FA2CF00D417EE /* Preview Content */ = {
			isa = PBXGroup;
			children = (
				727D007C292FA2CF00D417EE /* Preview Assets.xcassets */,
			);
			path = "Preview Content";
			sourceTree = "<group>";
		};
		727D008F292FD0AA00D417EE /* CharactersListView */ = {
			isa = PBXGroup;
			children = (
				727D0077292FA2CD00D417EE /* ContentView.swift */,
				727D0083292FAB1A00D417EE /* CharacterModel.swift */,
				727D0085292FAFA400D417EE /* ViewModel.swift */,
			);
			path = CharactersListView;
			sourceTree = "<group>";
		};
		727D0090292FD0ED00D417EE /* DetailView */ = {
			isa = PBXGroup;
			children = (
				727D0087292FB9CE00D417EE /* DetailView.swift */,
				727D008B292FCFC300D417EE /* DetailViewModel.swift */,
				727D008D292FD02700D417EE /* QuotModel.swift */,
			);
			path = DetailView;
			sourceTree = "<group>";
		};
/* End PBXGroup section */

/* Begin PBXNativeTarget section */
		727D0071292FA2CD00D417EE /* Test-ios */ = {
			isa = PBXNativeTarget;
			buildConfigurationList = 727D0080292FA2CF00D417EE /* Build configuration list for PBXNativeTarget "Test-ios" */;
			buildPhases = (
				727D006E292FA2CD00D417EE /* Sources */,
				727D006F292FA2CD00D417EE /* Frameworks */,
				727D0070292FA2CD00D417EE /* Resources */,
			);
			buildRules = (
			);
			dependencies = (
			);
			name = "Test-ios";
			productName = "Test-ios";
			productReference = 727D0072292FA2CD00D417EE /* Test-ios.app */;
			productType = "com.apple.product-type.application";
		};
/* End PBXNativeTarget section */

/* Begin PBXProject section */
		727D006A292FA2CD00D417EE /* Project object */ = {
			isa = PBXProject;
			attributes = {
				BuildIndependentTargetsInParallel = 1;
				LastSwiftUpdateCheck = 1400;
				LastUpgradeCheck = 1400;
				TargetAttributes = {
					727D0071292FA2CD00D417EE = {
						CreatedOnToolsVersion = 14.0.1;
					};
				};
			};
			buildConfigurationList = 727D006D292FA2CD00D417EE /* Build configuration list for PBXProject "Test-ios" */;
			compatibilityVersion = "Xcode 14.0";
			developmentRegion = en;
			hasScannedForEncodings = 0;
			knownRegions = (
				en,
				Base,
			);
			mainGroup = 727D0069292FA2CD00D417EE;
			productRefGroup = 727D0073292FA2CD00D417EE /* Products */;
			projectDirPath = "";
			projectRoot = "";
			targets = (
				727D0071292FA2CD00D417EE /* Test-ios */,
			);
		};
/* End PBXProject section */

/* Begin PBXResourcesBuildPhase section */
		727D0070292FA2CD00D417EE /* Resources */ = {
			isa = PBXResourcesBuildPhase;
			buildActionMask = 2147483647;
			files = (
				727D007D292FA2CF00D417EE /* Preview Assets.xcassets in Resources */,
				727D007A292FA2CF00D417EE /* Assets.xcassets in Resources */,
			);
			runOnlyForDeploymentPostprocessing = 0;
		};
/* End PBXResourcesBuildPhase section */

/* Begin PBXSourcesBuildPhase section */
		727D006E292FA2CD00D417EE /* Sources */ = {
			isa = PBXSourcesBuildPhase;
			buildActionMask = 2147483647;
			files = (
				727D008A292FCA3300D417EE /* ImageView.swift in Sources */,
				727D0084292FAB1A00D417EE /* CharacterModel.swift in Sources */,
				727D008C292FCFC300D417EE /* DetailViewModel.swift in Sources */,
				727D0078292FA2CD00D417EE /* ContentView.swift in Sources */,
				727D008E292FD02700D417EE /* QuotModel.swift in Sources */,
				727D0086292FAFA400D417EE /* ViewModel.swift in Sources */,
				727D0088292FB9CE00D417EE /* DetailView.swift in Sources */,
				727D0076292FA2CD00D417EE /* Test_iosApp.swift in Sources */,
			);
			runOnlyForDeploymentPostprocessing = 0;
		};
/* End PBXSourcesBuildPhase section */

/* Begin XCBuildConfiguration section */
		727D007E292FA2CF00D417EE /* Debug */ = {
			isa = XCBuildConfiguration;
			buildSettings = {
				ALWAYS_SEARCH_USER_PATHS = NO;
				CLANG_ANALYZER_NONNULL = YES;
				CLANG_ANALYZER_NUMBER_OBJECT_CONVERSION = YES_AGGRESSIVE;
				CLANG_CXX_LANGUAGE_STANDARD = "gnu++20";
				CLANG_ENABLE_MODULES = YES;
				CLANG_ENABLE_OBJC_ARC = YES;
				CLANG_ENABLE_OBJC_WEAK = YES;
				CLANG_WARN_BLOCK_CAPTURE_AUTORELEASING = YES;
				CLANG_WARN_BOOL_CONVERSION = YES;
				CLANG_WARN_COMMA = YES;
				CLANG_WARN_CONSTANT_CONVERSION = YES;
				CLANG_WARN_DEPRECATED_OBJC_IMPLEMENTATIONS = YES;
				CLANG_WARN_DIRECT_OBJC_ISA_USAGE = YES_ERROR;
				CLANG_WARN_DOCUMENTATION_COMMENTS = YES;
				CLANG_WARN_EMPTY_BODY = YES;
				CLANG_WARN_ENUM_CONVERSION = YES;
				CLANG_WARN_INFINITE_RECURSION = YES;
				CLANG_WARN_INT_CONVERSION = YES;
				CLANG_WARN_NON_LITERAL_NULL_CONVERSION = YES;
				CLANG_WARN_OBJC_IMPLICIT_RETAIN_SELF = YES;
				CLANG_WARN_OBJC_LITERAL_CONVERSION = YES;
				CLANG_WARN_OBJC_ROOT_CLASS = YES_ERROR;
				CLANG_WARN_QUOTED_INCLUDE_IN_FRAMEWORK_HEADER = YES;
				CLANG_WARN_RANGE_LOOP_ANALYSIS = YES;
				CLANG_WARN_STRICT_PROTOTYPES = YES;
				CLANG_WARN_SUSPICIOUS_MOVE = YES;
				CLANG_WARN_UNGUARDED_AVAILABILITY = YES_AGGRESSIVE;
				CLANG_WARN_UNREACHABLE_CODE = YES;
				CLANG_WARN__DUPLICATE_METHOD_MATCH = YES;
				COPY_PHASE_STRIP = NO;
				DEBUG_INFORMATION_FORMAT = dwarf;
				ENABLE_STRICT_OBJC_MSGSEND = YES;
				ENABLE_TESTABILITY = YES;
				GCC_C_LANGUAGE_STANDARD = gnu11;
				GCC_DYNAMIC_NO_PIC = NO;
				GCC_NO_COMMON_BLOCKS = YES;
				GCC_OPTIMIZATION_LEVEL = 0;
				GCC_PREPROCESSOR_DEFINITIONS = (
					"DEBUG=1",
					"$(inherited)",
				);
				GCC_WARN_64_TO_32_BIT_CONVERSION = YES;
				GCC_WARN_ABOUT_RETURN_TYPE = YES_ERROR;
				GCC_WARN_UNDECLARED_SELECTOR = YES;
				GCC_WARN_UNINITIALIZED_AUTOS = YES_AGGRESSIVE;
				GCC_WARN_UNUSED_FUNCTION = YES;
				GCC_WARN_UNUSED_VARIABLE = YES;
				IPHONEOS_DEPLOYMENT_TARGET = 16.0;
				MTL_ENABLE_DEBUG_INFO = INCLUDE_SOURCE;
				MTL_FAST_MATH = YES;
				ONLY_ACTIVE_ARCH = YES;
				SDKROOT = iphoneos;
				SWIFT_ACTIVE_COMPILATION_CONDITIONS = DEBUG;
				SWIFT_OPTIMIZATION_LEVEL = "-Onone";
			};
			name = Debug;
		};
		727D007F292FA2CF00D417EE /* Release */ = {
			isa = XCBuildConfiguration;
			buildSettings = {
				ALWAYS_SEARCH_USER_PATHS = NO;
				CLANG_ANALYZER_NONNULL = YES;
				CLANG_ANALYZER_NUMBER_OBJECT_CONVERSION = YES_AGGRESSIVE;
				CLANG_CXX_LANGUAGE_STANDARD = "gnu++20";
				CLANG_ENABLE_MODULES = YES;
				CLANG_ENABLE_OBJC_ARC = YES;
				CLANG_ENABLE_OBJC_WEAK = YES;
				CLANG_WARN_BLOCK_CAPTURE_AUTORELEASING = YES;
				CLANG_WARN_BOOL_CONVERSION = YES;
				CLANG_WARN_COMMA = YES;
				CLANG_WARN_CONSTANT_CONVERSION = YES;
				CLANG_WARN_DEPRECATED_OBJC_IMPLEMENTATIONS = YES;
				CLANG_WARN_DIRECT_OBJC_ISA_USAGE = YES_ERROR;
				CLANG_WARN_DOCUMENTATION_COMMENTS = YES;
				CLANG_WARN_EMPTY_BODY = YES;
				CLANG_WARN_ENUM_CONVERSION = YES;
				CLANG_WARN_INFINITE_RECURSION = YES;
				CLANG_WARN_INT_CONVERSION = YES;
				CLANG_WARN_NON_LITERAL_NULL_CONVERSION = YES;
				CLANG_WARN_OBJC_IMPLICIT_RETAIN_SELF = YES;
				CLANG_WARN_OBJC_LITERAL_CONVERSION = YES;
				CLANG_WARN_OBJC_ROOT_CLASS = YES_ERROR;
				CLANG_WARN_QUOTED_INCLUDE_IN_FRAMEWORK_HEADER = YES;
				CLANG_WARN_RANGE_LOOP_ANALYSIS = YES;
				CLANG_WARN_STRICT_PROTOTYPES = YES;
				CLANG_WARN_SUSPICIOUS_MOVE = YES;
				CLANG_WARN_UNGUARDED_AVAILABILITY = YES_AGGRESSIVE;
				CLANG_WARN_UNREACHABLE_CODE = YES;
				CLANG_WARN__DUPLICATE_METHOD_MATCH = YES;
				COPY_PHASE_STRIP = NO;
				DEBUG_INFORMATION_FORMAT = "dwarf-with-dsym";
				ENABLE_NS_ASSERTIONS = NO;
				ENABLE_STRICT_OBJC_MSGSEND = YES;
				GCC_C_LANGUAGE_STANDARD = gnu11;
				GCC_NO_COMMON_BLOCKS = YES;
				GCC_WARN_64_TO_32_BIT_CONVERSION = YES;
				GCC_WARN_ABOUT_RETURN_TYPE = YES_ERROR;
				GCC_WARN_UNDECLARED_SELECTOR = YES;
				GCC_WARN_UNINITIALIZED_AUTOS = YES_AGGRESSIVE;
				GCC_WARN_UNUSED_FUNCTION = YES;
				GCC_WARN_UNUSED_VARIABLE = YES;
				IPHONEOS_DEPLOYMENT_TARGET = 16.0;
				MTL_ENABLE_DEBUG_INFO = NO;
				MTL_FAST_MATH = YES;
				SDKROOT = iphoneos;
				SWIFT_COMPILATION_MODE = wholemodule;
				SWIFT_OPTIMIZATION_LEVEL = "-O";
				VALIDATE_PRODUCT = YES;
			};
			name = Release;
		};
		727D0081292FA2CF00D417EE /* Debug */ = {
			isa = XCBuildConfiguration;
			buildSettings = {
				ASSETCATALOG_COMPILER_APPICON_NAME = AppIcon;
				ASSETCATALOG_COMPILER_GLOBAL_ACCENT_COLOR_NAME = AccentColor;
				CODE_SIGN_STYLE = Automatic;
				CURRENT_PROJECT_VERSION = 1;
				DEVELOPMENT_ASSET_PATHS = "\"Test-ios/Preview Content\"";
				DEVELOPMENT_TEAM = D3BP9Y4N4Z;
				ENABLE_PREVIEWS = YES;
				GENERATE_INFOPLIST_FILE = YES;
				INFOPLIST_KEY_UIApplicationSceneManifest_Generation = YES;
				INFOPLIST_KEY_UIApplicationSupportsIndirectInputEvents = YES;
				INFOPLIST_KEY_UILaunchScreen_Generation = YES;
				INFOPLIST_KEY_UISupportedInterfaceOrientations_iPad = "UIInterfaceOrientationPortrait UIInterfaceOrientationPortraitUpsideDown UIInterfaceOrientationLandscapeLeft UIInterfaceOrientationLandscapeRight";
				INFOPLIST_KEY_UISupportedInterfaceOrientations_iPhone = "UIInterfaceOrientationPortrait UIInterfaceOrientationLandscapeLeft UIInterfaceOrientationLandscapeRight";
				LD_RUNPATH_SEARCH_PATHS = (
					"$(inherited)",
					"@executable_path/Frameworks",
				);
				MARKETING_VERSION = 1.0;
				PRODUCT_BUNDLE_IDENTIFIER = "com.innovi.Test-ios";
				PRODUCT_NAME = "$(TARGET_NAME)";
				SWIFT_EMIT_LOC_STRINGS = YES;
				SWIFT_VERSION = 5.0;
				TARGETED_DEVICE_FAMILY = "1,2";
			};
			name = Debug;
		};
		727D0082292FA2CF00D417EE /* Release */ = {
			isa = XCBuildConfiguration;
			buildSettings = {
				ASSETCATALOG_COMPILER_APPICON_NAME = AppIcon;
				ASSETCATALOG_COMPILER_GLOBAL_ACCENT_COLOR_NAME = AccentColor;
				CODE_SIGN_STYLE = Automatic;
				CURRENT_PROJECT_VERSION = 1;
				DEVELOPMENT_ASSET_PATHS = "\"Test-ios/Preview Content\"";
				DEVELOPMENT_TEAM = D3BP9Y4N4Z;
				ENABLE_PREVIEWS = YES;
				GENERATE_INFOPLIST_FILE = YES;
				INFOPLIST_KEY_UIApplicationSceneManifest_Generation = YES;
				INFOPLIST_KEY_UIApplicationSupportsIndirectInputEvents = YES;
				INFOPLIST_KEY_UILaunchScreen_Generation = YES;
				INFOPLIST_KEY_UISupportedInterfaceOrientations_iPad = "UIInterfaceOrientationPortrait UIInterfaceOrientationPortraitUpsideDown UIInterfaceOrientationLandscapeLeft UIInterfaceOrientationLandscapeRight";
				INFOPLIST_KEY_UISupportedInterfaceOrientations_iPhone = "UIInterfaceOrientationPortrait UIInterfaceOrientationLandscapeLeft UIInterfaceOrientationLandscapeRight";
				LD_RUNPATH_SEARCH_PATHS = (
					"$(inherited)",
					"@executable_path/Frameworks",
				);
				MARKETING_VERSION = 1.0;
				PRODUCT_BUNDLE_IDENTIFIER = "com.innovi.Test-ios";
				PRODUCT_NAME = "$(TARGET_NAME)";
				SWIFT_EMIT_LOC_STRINGS = YES;
				SWIFT_VERSION = 5.0;
				TARGETED_DEVICE_FAMILY = "1,2";
			};
			name = Release;
		};
/* End XCBuildConfiguration section */

/* Begin XCConfigurationList section */
		727D006D292FA2CD00D417EE /* Build configuration list for PBXProject "Test-ios" */ = {
			isa = XCConfigurationList;
			buildConfigurations = (
				727D007E292FA2CF00D417EE /* Debug */,
				727D007F292FA2CF00D417EE /* Release */,
			);
			defaultConfigurationIsVisible = 0;
			defaultConfigurationName = Release;
		};
		727D0080292FA2CF00D417EE /* Build configuration list for PBXNativeTarget "Test-ios" */ = {
			isa = XCConfigurationList;
			buildConfigurations = (
				727D0081292FA2CF00D417EE /* Debug */,
				727D0082292FA2CF00D417EE /* Release */,
			);
			defaultConfigurationIsVisible = 0;
			defaultConfigurationName = Release;
		};
/* End XCConfigurationList section */
	};
	rootObject = 727D006A292FA2CD00D417EE /* Project object */;
}
